
Microsoft Visual Studio Solution File, Format Version 12.00
# Visual Studio Version 17
VisualStudioVersion = 17.5.33516.290
MinimumVisualStudioVersion = 10.0.40219.1
Project("{FAE04EC0-301F-11D3-BF4B-00C04F79EFBC}") = "EmpManager", "EmpManager\EmpManager.csproj", "{F8BF6702-BA99-4E47-BF3A-9A925B5C6902}"
EndProject
Global
	GlobalSection(SolutionConfigurationPlatforms) = preSolution
		Debug|Any CPU = Debug|Any CPU
		Release|Any CPU = Release|Any CPU
	EndGlobalSection
	GlobalSection(ProjectConfigurationPlatforms) = postSolution
		{F8BF6702-BA99-4E47-BF3A-9A925B5C6902}.Debug|Any CPU.ActiveCfg = Debug|Any CPU
		{F8BF6702-BA99-4E47-BF3A-9A925B5C6902}.Debug|Any CPU.Build.0 = Debug|Any CPU
		{F8BF6702-BA99-4E47-BF3A-9A925B5C6902}.Release|Any CPU.ActiveCfg = Release|Any CPU
		{F8BF6702-BA99-4E47-BF3A-9A925B5C6902}.Release|Any CPU.Build.0 = Release|Any CPU
	EndGlobalSection
	GlobalSection(SolutionProperties) = preSolution
		HideSolutionNode = FALSE
	EndGlobalSection
	GlobalSection(ExtensibilityGlobals) = postSolution
		SolutionGuid = {5D1718D6-BB0F-4AB5-BF0C-175A5F9EEA0F}
	EndGlobalSection
EndGlobal
